
Microsoft Visual Studio Solution File, Format Version 12.00
# Visual Studio 15
VisualStudioVersion = 15.0.28307.106
MinimumVisualStudioVersion = 10.0.40219.1
Project("{FAE04EC0-301F-11D3-BF4B-00C04F79EFBC}") = "HTTPTest", "HTTPTest\HTTPTest.csproj", "{B2696748-E472-4E1D-BC60-F1AC2EF3F802}"
EndProject
Global
	GlobalSection(SolutionConfigurationPlatforms) = preSolution
		Debug|Any CPU = Debug|Any CPU
		Release|Any CPU = Release|Any CPU
	EndGlobalSection
	GlobalSection(ProjectConfigurationPlatforms) = postSolution
		{B2696748-E472-4E1D-BC60-F1AC2EF3F802}.Debug|Any CPU.ActiveCfg = Debug|Any CPU
		{B2696748-E472-4E1D-BC60-F1AC2EF3F802}.Debug|Any CPU.Build.0 = Debug|Any CPU
		{B2696748-E472-4E1D-BC60-F1AC2EF3F802}.Release|Any CPU.ActiveCfg = Release|Any CPU
		{B2696748-E472-4E1D-BC60-F1AC2EF3F802}.Release|Any CPU.Build.0 = Release|Any CPU
	EndGlobalSection
	GlobalSection(SolutionProperties) = preSolution
		HideSolutionNode = FALSE
	EndGlobalSection
	GlobalSection(ExtensibilityGlobals) = postSolution
		SolutionGuid = {7A52E047-C6AD-421C-A670-F0E35B078D9E}
	EndGlobalSection
EndGlobal
